
Microsoft Visual Studio Solution File, Format Version 12.00
# Visual Studio 15
Project("{FAE04EC0-301F-11D3-BF4B-00C04F79EFBC}") = "Assembly-CSharp", "Assembly-CSharp.csproj", "{9910DC09-C14C-274D-1D82-22F5F870C47B}"
EndProject
Project("{FAE04EC0-301F-11D3-BF4B-00C04F79EFBC}") = "Assembly-CSharp-firstpass", "Assembly-CSharp-firstpass.csproj", "{616AFC95-5EE2-A1EC-797D-155B5BD75B3B}"
EndProject
Project("{FAE04EC0-301F-11D3-BF4B-00C04F79EFBC}") = "Assembly-CSharp-Editor", "Assembly-CSharp-Editor.csproj", "{D5C41A56-9682-981E-E7DC-2618CD289DC9}"
EndProject
Project("{FAE04EC0-301F-11D3-BF4B-00C04F79EFBC}") = "Assembly-CSharp-Editor-firstpass", "Assembly-CSharp-Editor-firstpass.csproj", "{75E17A03-D6A5-FC9B-138B-A76E2663A235}"
EndProject
Global
	GlobalSection(SolutionConfigurationPlatforms) = preSolution
		Debug|Any CPU = Debug|Any CPU
		Release|Any CPU = Release|Any CPU
	EndGlobalSection
	GlobalSection(ProjectConfigurationPlatforms) = postSolution
		{9910DC09-C14C-274D-1D82-22F5F870C47B}.Debug|Any CPU.ActiveCfg = Debug|Any CPU
		{9910DC09-C14C-274D-1D82-22F5F870C47B}.Debug|Any CPU.Build.0 = Debug|Any CPU
		{9910DC09-C14C-274D-1D82-22F5F870C47B}.Release|Any CPU.ActiveCfg = Release|Any CPU
		{9910DC09-C14C-274D-1D82-22F5F870C47B}.Release|Any CPU.Build.0 = Release|Any CPU
		{616AFC95-5EE2-A1EC-797D-155B5BD75B3B}.Debug|Any CPU.ActiveCfg = Debug|Any CPU
		{616AFC95-5EE2-A1EC-797D-155B5BD75B3B}.Debug|Any CPU.Build.0 = Debug|Any CPU
		{616AFC95-5EE2-A1EC-797D-155B5BD75B3B}.Release|Any CPU.ActiveCfg = Release|Any CPU
		{616AFC95-5EE2-A1EC-797D-155B5BD75B3B}.Release|Any CPU.Build.0 = Release|Any CPU
		{D5C41A56-9682-981E-E7DC-2618CD289DC9}.Debug|Any CPU.ActiveCfg = Debug|Any CPU
		{D5C41A56-9682-981E-E7DC-2618CD289DC9}.Debug|Any CPU.Build.0 = Debug|Any CPU
		{D5C41A56-9682-981E-E7DC-2618CD289DC9}.Release|Any CPU.ActiveCfg = Release|Any CPU
		{D5C41A56-9682-981E-E7DC-2618CD289DC9}.Release|Any CPU.Build.0 = Release|Any CPU
		{75E17A03-D6A5-FC9B-138B-A76E2663A235}.Debug|Any CPU.ActiveCfg = Debug|Any CPU
		{75E17A03-D6A5-FC9B-138B-A76E2663A235}.Debug|Any CPU.Build.0 = Debug|Any CPU
		{75E17A03-D6A5-FC9B-138B-A76E2663A235}.Release|Any CPU.ActiveCfg = Release|Any CPU
		{75E17A03-D6A5-FC9B-138B-A76E2663A235}.Release|Any CPU.Build.0 = Release|Any CPU
	EndGlobalSection
	GlobalSection(SolutionProperties) = preSolution
		HideSolutionNode = FALSE
	EndGlobalSection
EndGlobal
